
Microsoft Visual Studio Solution File, Format Version 12.00
# Visual Studio Version 17
VisualStudioVersion = 17.6.33815.320
MinimumVisualStudioVersion = 10.0.40219.1
Project("{FAE04EC0-301F-11D3-BF4B-00C04F79EFBC}") = "ZH2_IVVKCM", "ZH2_IVVKCM\ZH2_IVVKCM.csproj", "{AAD9FA80-CF23-4802-968D-25E5AC2774DE}"
EndProject
Project("{FAE04EC0-301F-11D3-BF4B-00C04F79EFBC}") = "API", "API\API.csproj", "{86E7B84E-956C-41DE-9064-3B68E07B5846}"
EndProject
Global
	GlobalSection(SolutionConfigurationPlatforms) = preSolution
		Debug|Any CPU = Debug|Any CPU
		Release|Any CPU = Release|Any CPU
	EndGlobalSection
	GlobalSection(ProjectConfigurationPlatforms) = postSolution
		{AAD9FA80-CF23-4802-968D-25E5AC2774DE}.Debug|Any CPU.ActiveCfg = Debug|Any CPU
		{AAD9FA80-CF23-4802-968D-25E5AC2774DE}.Debug|Any CPU.Build.0 = Debug|Any CPU
		{AAD9FA80-CF23-4802-968D-25E5AC2774DE}.Release|Any CPU.ActiveCfg = Release|Any CPU
		{AAD9FA80-CF23-4802-968D-25E5AC2774DE}.Release|Any CPU.Build.0 = Release|Any CPU
		{86E7B84E-956C-41DE-9064-3B68E07B5846}.Debug|Any CPU.ActiveCfg = Debug|Any CPU
		{86E7B84E-956C-41DE-9064-3B68E07B5846}.Debug|Any CPU.Build.0 = Debug|Any CPU
		{86E7B84E-956C-41DE-9064-3B68E07B5846}.Release|Any CPU.ActiveCfg = Release|Any CPU
		{86E7B84E-956C-41DE-9064-3B68E07B5846}.Release|Any CPU.Build.0 = Release|Any CPU
	EndGlobalSection
	GlobalSection(SolutionProperties) = preSolution
		HideSolutionNode = FALSE
	EndGlobalSection
	GlobalSection(ExtensibilityGlobals) = postSolution
		SolutionGuid = {FA76129D-6182-4926-8C2F-DAAA5BB26E2E}
	EndGlobalSection
EndGlobal
